
Microsoft Visual Studio Solution File, Format Version 12.00
# Visual Studio Version 17
VisualStudioVersion = 17.5.33424.131
MinimumVisualStudioVersion = 10.0.40219.1
Project("{FAE04EC0-301F-11D3-BF4B-00C04F79EFBC}") = "MakeTimeWeb", "MakeTimeWeb\MakeTimeWeb.csproj", "{F67F9665-F646-44EE-8E2C-200852DE7821}"
EndProject
Project("{FAE04EC0-301F-11D3-BF4B-00C04F79EFBC}") = "MaketimePages", "MaketimePages\MaketimePages.csproj", "{F9E6DAF2-C0B5-484C-8AB1-C01D55F5CA4B}"
EndProject
Global
	GlobalSection(SolutionConfigurationPlatforms) = preSolution
		Debug|Any CPU = Debug|Any CPU
		Release|Any CPU = Release|Any CPU
	EndGlobalSection
	GlobalSection(ProjectConfigurationPlatforms) = postSolution
		{F67F9665-F646-44EE-8E2C-200852DE7821}.Debug|Any CPU.ActiveCfg = Debug|Any CPU
		{F67F9665-F646-44EE-8E2C-200852DE7821}.Debug|Any CPU.Build.0 = Debug|Any CPU
		{F67F9665-F646-44EE-8E2C-200852DE7821}.Release|Any CPU.ActiveCfg = Release|Any CPU
		{F67F9665-F646-44EE-8E2C-200852DE7821}.Release|Any CPU.Build.0 = Release|Any CPU
		{F9E6DAF2-C0B5-484C-8AB1-C01D55F5CA4B}.Debug|Any CPU.ActiveCfg = Debug|Any CPU
		{F9E6DAF2-C0B5-484C-8AB1-C01D55F5CA4B}.Debug|Any CPU.Build.0 = Debug|Any CPU
		{F9E6DAF2-C0B5-484C-8AB1-C01D55F5CA4B}.Release|Any CPU.ActiveCfg = Release|Any CPU
		{F9E6DAF2-C0B5-484C-8AB1-C01D55F5CA4B}.Release|Any CPU.Build.0 = Release|Any CPU
	EndGlobalSection
	GlobalSection(SolutionProperties) = preSolution
		HideSolutionNode = FALSE
	EndGlobalSection
	GlobalSection(ExtensibilityGlobals) = postSolution
		SolutionGuid = {EBD40830-957B-42BB-9B16-C1FFCCD4B4F4}
	EndGlobalSection
EndGlobal
